
Microsoft Visual Studio Solution File, Format Version 12.00
# Visual Studio Version 16
VisualStudioVersion = 16.0.29609.76
MinimumVisualStudioVersion = 10.0.40219.1
Project("{FAE04EC0-301F-11D3-BF4B-00C04F79EFBC}") = "Calculator", "Calculator\Calculator.csproj", "{67DCB571-7B2A-41E0-9A18-C75E33135FCC}"
EndProject
Global
	GlobalSection(SolutionConfigurationPlatforms) = preSolution
		Debug|Any CPU = Debug|Any CPU
		Release|Any CPU = Release|Any CPU
	EndGlobalSection
	GlobalSection(ProjectConfigurationPlatforms) = postSolution
		{67DCB571-7B2A-41E0-9A18-C75E33135FCC}.Debug|Any CPU.ActiveCfg = Debug|Any CPU
		{67DCB571-7B2A-41E0-9A18-C75E33135FCC}.Debug|Any CPU.Build.0 = Debug|Any CPU
		{67DCB571-7B2A-41E0-9A18-C75E33135FCC}.Release|Any CPU.ActiveCfg = Release|Any CPU
		{67DCB571-7B2A-41E0-9A18-C75E33135FCC}.Release|Any CPU.Build.0 = Release|Any CPU
	EndGlobalSection
	GlobalSection(SolutionProperties) = preSolution
		HideSolutionNode = FALSE
	EndGlobalSection
	GlobalSection(ExtensibilityGlobals) = postSolution
		SolutionGuid = {E3A03076-D6DA-4C6F-8993-C4ED26ACB0E2}
	EndGlobalSection
EndGlobal
